
Microsoft Visual Studio Solution File, Format Version 12.00
# Visual Studio Version 17
VisualStudioVersion = 17.14.36202.13 d17.14
MinimumVisualStudioVersion = 10.0.40219.1
Project("{8BC9CEB8-8B4A-11D0-8D11-00A0C91BC942}") = "Return the Nth Even Number", "Return the Nth Even Number.vcxproj", "{C4397CCE-9619-4DA3-841E-4E65A2466FB8}"
EndProject
Global
	GlobalSection(SolutionConfigurationPlatforms) = preSolution
		Debug|x64 = Debug|x64
		Debug|x86 = Debug|x86
		Release|x64 = Release|x64
		Release|x86 = Release|x86
	EndGlobalSection
	GlobalSection(ProjectConfigurationPlatforms) = postSolution
		{C4397CCE-9619-4DA3-841E-4E65A2466FB8}.Debug|x64.ActiveCfg = Debug|x64
		{C4397CCE-9619-4DA3-841E-4E65A2466FB8}.Debug|x64.Build.0 = Debug|x64
		{C4397CCE-9619-4DA3-841E-4E65A2466FB8}.Debug|x86.ActiveCfg = Debug|Win32
		{C4397CCE-9619-4DA3-841E-4E65A2466FB8}.Debug|x86.Build.0 = Debug|Win32
		{C4397CCE-9619-4DA3-841E-4E65A2466FB8}.Release|x64.ActiveCfg = Release|x64
		{C4397CCE-9619-4DA3-841E-4E65A2466FB8}.Release|x64.Build.0 = Release|x64
		{C4397CCE-9619-4DA3-841E-4E65A2466FB8}.Release|x86.ActiveCfg = Release|Win32
		{C4397CCE-9619-4DA3-841E-4E65A2466FB8}.Release|x86.Build.0 = Release|Win32
	EndGlobalSection
	GlobalSection(SolutionProperties) = preSolution
		HideSolutionNode = FALSE
	EndGlobalSection
	GlobalSection(ExtensibilityGlobals) = postSolution
		SolutionGuid = {0C914E05-FF6F-4964-AD27-5F5909F2A12B}
	EndGlobalSection
EndGlobal
