
Microsoft Visual Studio Solution File, Format Version 12.00
# Visual Studio Version 17
VisualStudioVersion = 17.14.36203.30 d17.14
MinimumVisualStudioVersion = 10.0.40219.1
Project("{8BC9CEB8-8B4A-11D0-8D11-00A0C91BC942}") = "Get the mean of an array", "Get the mean of an array.vcxproj", "{B7B69BB8-A674-401B-BF54-661EDB2C6B6A}"
EndProject
Global
	GlobalSection(SolutionConfigurationPlatforms) = preSolution
		Debug|x64 = Debug|x64
		Debug|x86 = Debug|x86
		Release|x64 = Release|x64
		Release|x86 = Release|x86
	EndGlobalSection
	GlobalSection(ProjectConfigurationPlatforms) = postSolution
		{B7B69BB8-A674-401B-BF54-661EDB2C6B6A}.Debug|x64.ActiveCfg = Debug|x64
		{B7B69BB8-A674-401B-BF54-661EDB2C6B6A}.Debug|x64.Build.0 = Debug|x64
		{B7B69BB8-A674-401B-BF54-661EDB2C6B6A}.Debug|x86.ActiveCfg = Debug|Win32
		{B7B69BB8-A674-401B-BF54-661EDB2C6B6A}.Debug|x86.Build.0 = Debug|Win32
		{B7B69BB8-A674-401B-BF54-661EDB2C6B6A}.Release|x64.ActiveCfg = Release|x64
		{B7B69BB8-A674-401B-BF54-661EDB2C6B6A}.Release|x64.Build.0 = Release|x64
		{B7B69BB8-A674-401B-BF54-661EDB2C6B6A}.Release|x86.ActiveCfg = Release|Win32
		{B7B69BB8-A674-401B-BF54-661EDB2C6B6A}.Release|x86.Build.0 = Release|Win32
	EndGlobalSection
	GlobalSection(SolutionProperties) = preSolution
		HideSolutionNode = FALSE
	EndGlobalSection
	GlobalSection(ExtensibilityGlobals) = postSolution
		SolutionGuid = {35CC40A7-F62A-40DB-8EF1-56073572BCFD}
	EndGlobalSection
EndGlobal
